// !$*UTF8*$!
{
	archiveVersion = 1;
	classes = {
	};
	objectVersion = 46;
	objects = {

/* Begin PBXBuildFile section */
		55D312911F2DE5E100C7F19C /* main.swift in Sources */ = {isa = PBXBuildFile; fileRef = 55D312901F2DE5E100C7F19C /* main.swift */; };
		55D312981F2DE8F500C7F19C /* CommandLineApplication.swift in Sources */ = {isa = PBXBuildFile; fileRef = 55D312971F2DE8F500C7F19C /* CommandLineApplication.swift */; };
/* End PBXBuildFile section */

/* Begin PBXCopyFilesBuildPhase section */
		55D3128B1F2DE5E100C7F19C /* CopyFiles */ = {
			isa = PBXCopyFilesBuildPhase;
			buildActionMask = 2147483647;
			dstPath = /usr/share/man/man1/;
			dstSubfolderSpec = 0;
			files = (
			);
			runOnlyForDeploymentPostprocessing = 1;
		};
/* End PBXCopyFilesBuildPhase section */

/* Begin PBXFileReference section */
		55D3128D1F2DE5E100C7F19C /* ocstoryboards */ = {isa = PBXFileReference; explicitFileType = "compiled.mach-o.executable"; includeInIndex = 0; path = ocstoryboards; sourceTree = BUILT_PRODUCTS_DIR; };
		55D312901F2DE5E100C7F19C /* main.swift */ = {isa = PBXFileReference; lastKnownFileType = sourcecode.swift; path = main.swift; sourceTree = "<group>"; };
		55D312971F2DE8F500C7F19C /* CommandLineApplication.swift */ = {isa = PBXFileReference; fileEncoding = 4; lastKnownFileType = sourcecode.swift; path = CommandLineApplication.swift; sourceTree = "<group>"; };
/* End PBXFileReference section */

/* Begin PBXFrameworksBuildPhase section */
		55D3128A1F2DE5E100C7F19C /* Frameworks */ = {
			isa = PBXFrameworksBuildPhase;
			buildActionMask = 2147483647;
			files = (
			);
			runOnlyForDeploymentPostprocessing = 0;
		};
/* End PBXFrameworksBuildPhase section */

/* Begin PBXGroup section */
		55D312841F2DE5E100C7F19C = {
			isa = PBXGroup;
			children = (
				55D3128F1F2DE5E100C7F19C /* ocstoryboards */,
				55D3128E1F2DE5E100C7F19C /* Products */,
			);
			sourceTree = "<group>";
		};
		55D3128E1F2DE5E100C7F19C /* Products */ = {
			isa = PBXGroup;
			children = (
				55D3128D1F2DE5E100C7F19C /* ocstoryboards */,
			);
			name = Products;
			sourceTree = "<group>";
		};
		55D3128F1F2DE5E100C7F19C /* ocstoryboards */ = {
			isa = PBXGroup;
			children = (
				55D312901F2DE5E100C7F19C /* main.swift */,
				55D312971F2DE8F500C7F19C /* CommandLineApplication.swift */,
			);
			path = ocstoryboards;
			sourceTree = "<group>";
		};
/* End PBXGroup section */

/* Begin PBXNativeTarget section */
		55D3128C1F2DE5E100C7F19C /* ocstoryboards */ = {
			isa = PBXNativeTarget;
			buildConfigurationList = 55D312941F2DE5E100C7F19C /* Build configuration list for PBXNativeTarget "ocstoryboards" */;
			buildPhases = (
				55D312891F2DE5E100C7F19C /* Sources */,
				55D3128A1F2DE5E100C7F19C /* Frameworks */,
				55D3128B1F2DE5E100C7F19C /* CopyFiles */,
			);
			buildRules = (
			);
			dependencies = (
			);
			name = ocstoryboards;
			productName = ocstoryboards;
			productReference = 55D3128D1F2DE5E100C7F19C /* ocstoryboards */;
			productType = "com.apple.product-type.tool";
		};
/* End PBXNativeTarget section */

/* Begin PBXProject section */
		55D312851F2DE5E100C7F19C /* Project object */ = {
			isa = PBXProject;
			attributes = {
				LastSwiftUpdateCheck = 0830;
				LastUpgradeCheck = 0830;
				ORGANIZATIONNAME = "Uli Kusterer";
				TargetAttributes = {
					55D3128C1F2DE5E100C7F19C = {
						CreatedOnToolsVersion = 8.3.3;
						DevelopmentTeam = RCKXACKVZS;
						ProvisioningStyle = Automatic;
					};
				};
			};
			buildConfigurationList = 55D312881F2DE5E100C7F19C /* Build configuration list for PBXProject "ocstoryboards" */;
			compatibilityVersion = "Xcode 3.2";
			developmentRegion = English;
			hasScannedForEncodings = 0;
			knownRegions = (
				en,
			);
			mainGroup = 55D312841F2DE5E100C7F19C;
			productRefGroup = 55D3128E1F2DE5E100C7F19C /* Products */;
			projectDirPath = "";
			projectRoot = "";
			targets = (
				55D3128C1F2DE5E100C7F19C /* ocstoryboards */,
			);
		};
/* End PBXProject section */

/* Begin PBXSourcesBuildPhase section */
		55D312891F2DE5E100C7F19C /* Sources */ = {
			isa = PBXSourcesBuildPhase;
			buildActionMask = 2147483647;
			files = (
				55D312981F2DE8F500C7F19C /* CommandLineApplication.swift in Sources */,
				55D312911F2DE5E100C7F19C /* main.swift in Sources */,
			);
			runOnlyForDeploymentPostprocessing = 0;
		};
/* End PBXSourcesBuildPhase section */

/* Begin XCBuildConfiguration section */
		55D312921F2DE5E100C7F19C /* Debug */ = {
			isa = XCBuildConfiguration;
			buildSettings = {
				ALWAYS_SEARCH_USER_PATHS = NO;
				CLANG_ANALYZER_NONNULL = YES;
				CLANG_ANALYZER_NUMBER_OBJECT_CONVERSION = YES_AGGRESSIVE;
				CLANG_CXX_LANGUAGE_STANDARD = "gnu++0x";
				CLANG_CXX_LIBRARY = "libc++";
				CLANG_ENABLE_MODULES = YES;
				CLANG_ENABLE_OBJC_ARC = YES;
				CLANG_WARN_BOOL_CONVERSION = YES;
				CLANG_WARN_CONSTANT_CONVERSION = YES;
				CLANG_WARN_DIRECT_OBJC_ISA_USAGE = YES_ERROR;
				CLANG_WARN_DOCUMENTATION_COMMENTS = YES;
				CLANG_WARN_EMPTY_BODY = YES;
				CLANG_WARN_ENUM_CONVERSION = YES;
				CLANG_WARN_INFINITE_RECURSION = YES;
				CLANG_WARN_INT_CONVERSION = YES;
				CLANG_WARN_OBJC_ROOT_CLASS = YES_ERROR;
				CLANG_WARN_SUSPICIOUS_MOVE = YES;
				CLANG_WARN_UNREACHABLE_CODE = YES;
				CLANG_WARN__DUPLICATE_METHOD_MATCH = YES;
				CODE_SIGN_IDENTITY = "-";
				COPY_PHASE_STRIP = NO;
				DEBUG_INFORMATION_FORMAT = dwarf;
				ENABLE_STRICT_OBJC_MSGSEND = YES;
				ENABLE_TESTABILITY = YES;
				GCC_C_LANGUAGE_STANDARD = gnu99;
				GCC_DYNAMIC_NO_PIC = NO;
				GCC_NO_COMMON_BLOCKS = YES;
				GCC_OPTIMIZATION_LEVEL = 0;
				GCC_PREPROCESSOR_DEFINITIONS = (
					"DEBUG=1",
					"$(inherited)",
				);
				GCC_WARN_64_TO_32_BIT_CONVERSION = YES;
				GCC_WARN_ABOUT_RETURN_TYPE = YES_ERROR;
				GCC_WARN_UNDECLARED_SELECTOR = YES;
				GCC_WARN_UNINITIALIZED_AUTOS = YES_AGGRESSIVE;
				GCC_WARN_UNUSED_FUNCTION = YES;
				GCC_WARN_UNUSED_VARIABLE = YES;
				MACOSX_DEPLOYMENT_TARGET = 10.12;
				MTL_ENABLE_DEBUG_INFO = YES;
				ONLY_ACTIVE_ARCH = YES;
				SDKROOT = macosx;
				SWIFT_OPTIMIZATION_LEVEL = "-Onone";
			};
			name = Debug;
		};
		55D312931F2DE5E100C7F19C /* Release */ = {
			isa = XCBuildConfiguration;
			buildSettings = {
				ALWAYS_SEARCH_USER_PATHS = NO;
				CLANG_ANALYZER_NONNULL = YES;
				CLANG_ANALYZER_NUMBER_OBJECT_CONVERSION = YES_AGGRESSIVE;
				CLANG_CXX_LANGUAGE_STANDARD = "gnu++0x";
				CLANG_CXX_LIBRARY = "libc++";
				CLANG_ENABLE_MODULES = YES;
				CLANG_ENABLE_OBJC_ARC = YES;
				CLANG_WARN_BOOL_CONVERSION = YES;
				CLANG_WARN_CONSTANT_CONVERSION = YES;
				CLANG_WARN_DIRECT_OBJC_ISA_USAGE = YES_ERROR;
				CLANG_WARN_DOCUMENTATION_COMMENTS = YES;
				CLANG_WARN_EMPTY_BODY = YES;
				CLANG_WARN_ENUM_CONVERSION = YES;
				CLANG_WARN_INFINITE_RECURSION = YES;
				CLANG_WARN_INT_CONVERSION = YES;
				CLANG_WARN_OBJC_ROOT_CLASS = YES_ERROR;
				CLANG_WARN_SUSPICIOUS_MOVE = YES;
				CLANG_WARN_UNREACHABLE_CODE = YES;
				CLANG_WARN__DUPLICATE_METHOD_MATCH = YES;
				CODE_SIGN_IDENTITY = "-";
				COPY_PHASE_STRIP = NO;
				DEBUG_INFORMATION_FORMAT = "dwarf-with-dsym";
				ENABLE_NS_ASSERTIONS = NO;
				ENABLE_STRICT_OBJC_MSGSEND = YES;
				GCC_C_LANGUAGE_STANDARD = gnu99;
				GCC_NO_COMMON_BLOCKS = YES;
				GCC_WARN_64_TO_32_BIT_CONVERSION = YES;
				GCC_WARN_ABOUT_RETURN_TYPE = YES_ERROR;
				GCC_WARN_UNDECLARED_SELECTOR = YES;
				GCC_WARN_UNINITIALIZED_AUTOS = YES_AGGRESSIVE;
				GCC_WARN_UNUSED_FUNCTION = YES;
				GCC_WARN_UNUSED_VARIABLE = YES;
				MACOSX_DEPLOYMENT_TARGET = 10.12;
				MTL_ENABLE_DEBUG_INFO = NO;
				SDKROOT = macosx;
			};
			name = Release;
		};
		55D312951F2DE5E100C7F19C /* Debug */ = {
			isa = XCBuildConfiguration;
			buildSettings = {
				DEVELOPMENT_TEAM = RCKXACKVZS;
				PRODUCT_NAME = "$(TARGET_NAME)";
				SWIFT_VERSION = 3.0;
			};
			name = Debug;
		};
		55D312961F2DE5E100C7F19C /* Release */ = {
			isa = XCBuildConfiguration;
			buildSettings = {
				DEVELOPMENT_TEAM = RCKXACKVZS;
				PRODUCT_NAME = "$(TARGET_NAME)";
				SWIFT_VERSION = 3.0;
			};
			name = Release;
		};
/* End XCBuildConfiguration section */

/* Begin XCConfigurationList section */
		55D312881F2DE5E100C7F19C /* Build configuration list for PBXProject "ocstoryboards" */ = {
			isa = XCConfigurationList;
			buildConfigurations = (
				55D312921F2DE5E100C7F19C /* Debug */,
				55D312931F2DE5E100C7F19C /* Release */,
			);
			defaultConfigurationIsVisible = 0;
			defaultConfigurationName = Release;
		};
		55D312941F2DE5E100C7F19C /* Build configuration list for PBXNativeTarget "ocstoryboards" */ = {
			isa = XCConfigurationList;
			buildConfigurations = (
				55D312951F2DE5E100C7F19C /* Debug */,
				55D312961F2DE5E100C7F19C /* Release */,
			);
			defaultConfigurationIsVisible = 0;
		};
/* End XCConfigurationList section */
	};
	rootObject = 55D312851F2DE5E100C7F19C /* Project object */;
}
